// !$*UTF8*$!
{
	archiveVersion = 1;
	classes = {
	};
	objectVersion = 77;
	objects = {

/* Begin PBXBuildFile section */
		A94E5C0C2D8FA107007BFE7C /* FirebaseAnalytics in Frameworks */ = {isa = PBXBuildFile; productRef = A94E5C0B2D8FA107007BFE7C /* FirebaseAnalytics */; };
		A94E5C0E2D8FA107007BFE7C /* FirebaseAnalyticsSwift in Frameworks */ = {isa = PBXBuildFile; productRef = A94E5C0D2D8FA107007BFE7C /* FirebaseAnalyticsSwift */; };
		A9F27FC22D9350C900B0C8F5 /* FirebaseAuth in Frameworks */ = {isa = PBXBuildFile; productRef = A9F27FC12D9350C900B0C8F5 /* FirebaseAuth */; };
/* End PBXBuildFile section */

/* Begin PBXContainerItemProxy section */
		A96B4F892D8E281000F79AEB /* PBXContainerItemProxy */ = {
			isa = PBXContainerItemProxy;
			containerPortal = A96B4F702D8E280F00F79AEB /* Project object */;
			proxyType = 1;
			remoteGlobalIDString = A96B4F772D8E280F00F79AEB;
			remoteInfo = factos;
		};
		A96B4F932D8E281000F79AEB /* PBXContainerItemProxy */ = {
			isa = PBXContainerItemProxy;
			containerPortal = A96B4F702D8E280F00F79AEB /* Project object */;
			proxyType = 1;
			remoteGlobalIDString = A96B4F772D8E280F00F79AEB;
			remoteInfo = factos;
		};
/* End PBXContainerItemProxy section */

/* Begin PBXFileReference section */
		A96B4F782D8E280F00F79AEB /* factos.app */ = {isa = PBXFileReference; explicitFileType = wrapper.application; includeInIndex = 0; path = factos.app; sourceTree = BUILT_PRODUCTS_DIR; };
		A96B4F882D8E281000F79AEB /* factosTests.xctest */ = {isa = PBXFileReference; explicitFileType = wrapper.cfbundle; includeInIndex = 0; path = factosTests.xctest; sourceTree = BUILT_PRODUCTS_DIR; };
		A96B4F922D8E281000F79AEB /* factosUITests.xctest */ = {isa = PBXFileReference; explicitFileType = wrapper.cfbundle; includeInIndex = 0; path = factosUITests.xctest; sourceTree = BUILT_PRODUCTS_DIR; };
/* End PBXFileReference section */

/* Begin PBXFileSystemSynchronizedBuildFileExceptionSet section */
		A94E5C082D8FA044007BFE7C /* Exceptions for "factos" folder in "factosTests" target */ = {
			isa = PBXFileSystemSynchronizedBuildFileExceptionSet;
			membershipExceptions = (
				"GoogleService-Info.plist",
			);
			target = A96B4F872D8E281000F79AEB /* factosTests */;
		};
		A94E5C092D8FA044007BFE7C /* Exceptions for "factos" folder in "factosUITests" target */ = {
			isa = PBXFileSystemSynchronizedBuildFileExceptionSet;
			membershipExceptions = (
				"GoogleService-Info.plist",
			);
			target = A96B4F912D8E281000F79AEB /* factosUITests */;
		};
/* End PBXFileSystemSynchronizedBuildFileExceptionSet section */

/* Begin PBXFileSystemSynchronizedRootGroup section */
		A96B4F7A2D8E280F00F79AEB /* factos */ = {
			isa = PBXFileSystemSynchronizedRootGroup;
			exceptions = (
				A94E5C082D8FA044007BFE7C /* Exceptions for "factos" folder in "factosTests" target */,
				A94E5C092D8FA044007BFE7C /* Exceptions for "factos" folder in "factosUITests" target */,
			);
			path = factos;
			sourceTree = "<group>";
		};
		A96B4F8B2D8E281000F79AEB /* factosTests */ = {
			isa = PBXFileSystemSynchronizedRootGroup;
			path = factosTests;
			sourceTree = "<group>";
		};
		A96B4F952D8E281000F79AEB /* factosUITests */ = {
			isa = PBXFileSystemSynchronizedRootGroup;
			path = factosUITests;
			sourceTree = "<group>";
		};
/* End PBXFileSystemSynchronizedRootGroup section */

/* Begin PBXFrameworksBuildPhase section */
		A96B4F752D8E280F00F79AEB /* Frameworks */ = {
			isa = PBXFrameworksBuildPhase;
			buildActionMask = 2147483647;
			files = (
				A94E5C0E2D8FA107007BFE7C /* FirebaseAnalyticsSwift in Frameworks */,
				A9F27FC22D9350C900B0C8F5 /* FirebaseAuth in Frameworks */,
				A94E5C0C2D8FA107007BFE7C /* FirebaseAnalytics in Frameworks */,
			);
			runOnlyForDeploymentPostprocessing = 0;
		};
		A96B4F852D8E281000F79AEB /* Frameworks */ = {
			isa = PBXFrameworksBuildPhase;
			buildActionMask = 2147483647;
			files = (
			);
			runOnlyForDeploymentPostprocessing = 0;
		};
		A96B4F8F2D8E281000F79AEB /* Frameworks */ = {
			isa = PBXFrameworksBuildPhase;
			buildActionMask = 2147483647;
			files = (
			);
			runOnlyForDeploymentPostprocessing = 0;
		};
/* End PBXFrameworksBuildPhase section */

/* Begin PBXGroup section */
		A96B4F6F2D8E280F00F79AEB = {
			isa = PBXGroup;
			children = (
				A96B4F7A2D8E280F00F79AEB /* factos */,
				A96B4F8B2D8E281000F79AEB /* factosTests */,
				A96B4F952D8E281000F79AEB /* factosUITests */,
				A9F27FC02D9350C900B0C8F5 /* Frameworks */,
				A96B4F792D8E280F00F79AEB /* Products */,
			);
			sourceTree = "<group>";
		};
		A96B4F792D8E280F00F79AEB /* Products */ = {
			isa = PBXGroup;
			children = (
				A96B4F782D8E280F00F79AEB /* factos.app */,
				A96B4F882D8E281000F79AEB /* factosTests.xctest */,
				A96B4F922D8E281000F79AEB /* factosUITests.xctest */,
			);
			name = Products;
			sourceTree = "<group>";
		};
		A9F27FC02D9350C900B0C8F5 /* Frameworks */ = {
			isa = PBXGroup;
			children = (
			);
			name = Frameworks;
			sourceTree = "<group>";
		};
/* End PBXGroup section */

/* Begin PBXNativeTarget section */
		A96B4F772D8E280F00F79AEB /* factos */ = {
			isa = PBXNativeTarget;
			buildConfigurationList = A96B4F9C2D8E281000F79AEB /* Build configuration list for PBXNativeTarget "factos" */;
			buildPhases = (
				A96B4F742D8E280F00F79AEB /* Sources */,
				A96B4F752D8E280F00F79AEB /* Frameworks */,
				A96B4F762D8E280F00F79AEB /* Resources */,
			);
			buildRules = (
			);
			dependencies = (
			);
			fileSystemSynchronizedGroups = (
				A96B4F7A2D8E280F00F79AEB /* factos */,
			);
			name = factos;
			packageProductDependencies = (
				A94E5C0B2D8FA107007BFE7C /* FirebaseAnalytics */,
				A94E5C0D2D8FA107007BFE7C /* FirebaseAnalyticsSwift */,
				A9F27FC12D9350C900B0C8F5 /* FirebaseAuth */,
			);
			productName = factos;
			productReference = A96B4F782D8E280F00F79AEB /* factos.app */;
			productType = "com.apple.product-type.application";
		};
		A96B4F872D8E281000F79AEB /* factosTests */ = {
			isa = PBXNativeTarget;
			buildConfigurationList = A96B4F9F2D8E281000F79AEB /* Build configuration list for PBXNativeTarget "factosTests" */;
			buildPhases = (
				A96B4F842D8E281000F79AEB /* Sources */,
				A96B4F852D8E281000F79AEB /* Frameworks */,
				A96B4F862D8E281000F79AEB /* Resources */,
			);
			buildRules = (
			);
			dependencies = (
				A96B4F8A2D8E281000F79AEB /* PBXTargetDependency */,
			);
			fileSystemSynchronizedGroups = (
				A96B4F8B2D8E281000F79AEB /* factosTests */,
			);
			name = factosTests;
			packageProductDependencies = (
			);
			productName = factosTests;
			productReference = A96B4F882D8E281000F79AEB /* factosTests.xctest */;
			productType = "com.apple.product-type.bundle.unit-test";
		};
		A96B4F912D8E281000F79AEB /* factosUITests */ = {
			isa = PBXNativeTarget;
			buildConfigurationList = A96B4FA22D8E281000F79AEB /* Build configuration list for PBXNativeTarget "factosUITests" */;
			buildPhases = (
				A96B4F8E2D8E281000F79AEB /* Sources */,
				A96B4F8F2D8E281000F79AEB /* Frameworks */,
				A96B4F902D8E281000F79AEB /* Resources */,
			);
			buildRules = (
			);
			dependencies = (
				A96B4F942D8E281000F79AEB /* PBXTargetDependency */,
			);
			fileSystemSynchronizedGroups = (
				A96B4F952D8E281000F79AEB /* factosUITests */,
			);
			name = factosUITests;
			packageProductDependencies = (
			);
			productName = factosUITests;
			productReference = A96B4F922D8E281000F79AEB /* factosUITests.xctest */;
			productType = "com.apple.product-type.bundle.ui-testing";
		};
/* End PBXNativeTarget section */

/* Begin PBXProject section */
		A96B4F702D8E280F00F79AEB /* Project object */ = {
			isa = PBXProject;
			attributes = {
				BuildIndependentTargetsInParallel = 1;
				LastSwiftUpdateCheck = 1620;
				LastUpgradeCheck = 1620;
				TargetAttributes = {
					A96B4F772D8E280F00F79AEB = {
						CreatedOnToolsVersion = 16.2;
					};
					A96B4F872D8E281000F79AEB = {
						CreatedOnToolsVersion = 16.2;
						TestTargetID = A96B4F772D8E280F00F79AEB;
					};
					A96B4F912D8E281000F79AEB = {
						CreatedOnToolsVersion = 16.2;
						TestTargetID = A96B4F772D8E280F00F79AEB;
					};
				};
			};
			buildConfigurationList = A96B4F732D8E280F00F79AEB /* Build configuration list for PBXProject "factos" */;
			developmentRegion = en;
			hasScannedForEncodings = 0;
			knownRegions = (
				en,
				Base,
			);
			mainGroup = A96B4F6F2D8E280F00F79AEB;
			minimizedProjectReferenceProxies = 1;
			packageReferences = (
				A94E5C0A2D8FA107007BFE7C /* XCRemoteSwiftPackageReference "firebase-ios-sdk" */,
			);
			preferredProjectObjectVersion = 77;
			productRefGroup = A96B4F792D8E280F00F79AEB /* Products */;
			projectDirPath = "";
			projectRoot = "";
			targets = (
				A96B4F772D8E280F00F79AEB /* factos */,
				A96B4F872D8E281000F79AEB /* factosTests */,
				A96B4F912D8E281000F79AEB /* factosUITests */,
			);
		};
/* End PBXProject section */

/* Begin PBXResourcesBuildPhase section */
		A96B4F762D8E280F00F79AEB /* Resources */ = {
			isa = PBXResourcesBuildPhase;
			buildActionMask = 2147483647;
			files = (
			);
			runOnlyForDeploymentPostprocessing = 0;
		};
		A96B4F862D8E281000F79AEB /* Resources */ = {
			isa = PBXResourcesBuildPhase;
			buildActionMask = 2147483647;
			files = (
			);
			runOnlyForDeploymentPostprocessing = 0;
		};
		A96B4F902D8E281000F79AEB /* Resources */ = {
			isa = PBXResourcesBuildPhase;
			buildActionMask = 2147483647;
			files = (
			);
			runOnlyForDeploymentPostprocessing = 0;
		};
/* End PBXResourcesBuildPhase section */

/* Begin PBXSourcesBuildPhase section */
		A96B4F742D8E280F00F79AEB /* Sources */ = {
			isa = PBXSourcesBuildPhase;
			buildActionMask = 2147483647;
			files = (
			);
			runOnlyForDeploymentPostprocessing = 0;
		};
		A96B4F842D8E281000F79AEB /* Sources */ = {
			isa = PBXSourcesBuildPhase;
			buildActionMask = 2147483647;
			files = (
			);
			runOnlyForDeploymentPostprocessing = 0;
		};
		A96B4F8E2D8E281000F79AEB /* Sources */ = {
			isa = PBXSourcesBuildPhase;
			buildActionMask = 2147483647;
			files = (
			);
			runOnlyForDeploymentPostprocessing = 0;
		};
/* End PBXSourcesBuildPhase section */

/* Begin PBXTargetDependency section */
		A96B4F8A2D8E281000F79AEB /* PBXTargetDependency */ = {
			isa = PBXTargetDependency;
			target = A96B4F772D8E280F00F79AEB /* factos */;
			targetProxy = A96B4F892D8E281000F79AEB /* PBXContainerItemProxy */;
		};
		A96B4F942D8E281000F79AEB /* PBXTargetDependency */ = {
			isa = PBXTargetDependency;
			target = A96B4F772D8E280F00F79AEB /* factos */;
			targetProxy = A96B4F932D8E281000F79AEB /* PBXContainerItemProxy */;
		};
/* End PBXTargetDependency section */

/* Begin XCBuildConfiguration section */
		A96B4F9A2D8E281000F79AEB /* Debug */ = {
			isa = XCBuildConfiguration;
			buildSettings = {
				ALWAYS_SEARCH_USER_PATHS = NO;
				ASSETCATALOG_COMPILER_GENERATE_SWIFT_ASSET_SYMBOL_EXTENSIONS = YES;
				CLANG_ANALYZER_NONNULL = YES;
				CLANG_ANALYZER_NUMBER_OBJECT_CONVERSION = YES_AGGRESSIVE;
				CLANG_CXX_LANGUAGE_STANDARD = "gnu++20";
				CLANG_ENABLE_MODULES = YES;
				CLANG_ENABLE_OBJC_ARC = YES;
				CLANG_ENABLE_OBJC_WEAK = YES;
				CLANG_WARN_BLOCK_CAPTURE_AUTORELEASING = YES;
				CLANG_WARN_BOOL_CONVERSION = YES;
				CLANG_WARN_COMMA = YES;
				CLANG_WARN_CONSTANT_CONVERSION = YES;
				CLANG_WARN_DEPRECATED_OBJC_IMPLEMENTATIONS = YES;
				CLANG_WARN_DIRECT_OBJC_ISA_USAGE = YES_ERROR;
				CLANG_WARN_DOCUMENTATION_COMMENTS = YES;
				CLANG_WARN_EMPTY_BODY = YES;
				CLANG_WARN_ENUM_CONVERSION = YES;
				CLANG_WARN_INFINITE_RECURSION = YES;
				CLANG_WARN_INT_CONVERSION = YES;
				CLANG_WARN_NON_LITERAL_NULL_CONVERSION = YES;
				CLANG_WARN_OBJC_IMPLICIT_RETAIN_SELF = YES;
				CLANG_WARN_OBJC_LITERAL_CONVERSION = YES;
				CLANG_WARN_OBJC_ROOT_CLASS = YES_ERROR;
				CLANG_WARN_QUOTED_INCLUDE_IN_FRAMEWORK_HEADER = YES;
				CLANG_WARN_RANGE_LOOP_ANALYSIS = YES;
				CLANG_WARN_STRICT_PROTOTYPES = YES;
				CLANG_WARN_SUSPICIOUS_MOVE = YES;
				CLANG_WARN_UNGUARDED_AVAILABILITY = YES_AGGRESSIVE;
				CLANG_WARN_UNREACHABLE_CODE = YES;
				CLANG_WARN__DUPLICATE_METHOD_MATCH = YES;
				COPY_PHASE_STRIP = NO;
				DEBUG_INFORMATION_FORMAT = dwarf;
				ENABLE_STRICT_OBJC_MSGSEND = YES;
				ENABLE_TESTABILITY = YES;
				ENABLE_USER_SCRIPT_SANDBOXING = YES;
				GCC_C_LANGUAGE_STANDARD = gnu17;
				GCC_DYNAMIC_NO_PIC = NO;
				GCC_NO_COMMON_BLOCKS = YES;
				GCC_OPTIMIZATION_LEVEL = 0;
				GCC_PREPROCESSOR_DEFINITIONS = (
					"DEBUG=1",
					"$(inherited)",
				);
				GCC_WARN_64_TO_32_BIT_CONVERSION = YES;
				GCC_WARN_ABOUT_RETURN_TYPE = YES_ERROR;
				GCC_WARN_UNDECLARED_SELECTOR = YES;
				GCC_WARN_UNINITIALIZED_AUTOS = YES_AGGRESSIVE;
				GCC_WARN_UNUSED_FUNCTION = YES;
				GCC_WARN_UNUSED_VARIABLE = YES;
				IPHONEOS_DEPLOYMENT_TARGET = 18.2;
				LOCALIZATION_PREFERS_STRING_CATALOGS = YES;
				MTL_ENABLE_DEBUG_INFO = INCLUDE_SOURCE;
				MTL_FAST_MATH = YES;
				ONLY_ACTIVE_ARCH = YES;
				SDKROOT = iphoneos;
				SWIFT_ACTIVE_COMPILATION_CONDITIONS = "DEBUG $(inherited)";
				SWIFT_OPTIMIZATION_LEVEL = "-Onone";
			};
			name = Debug;
		};
		A96B4F9B2D8E281000F79AEB /* Release */ = {
			isa = XCBuildConfiguration;
			buildSettings = {
				ALWAYS_SEARCH_USER_PATHS = NO;
				ASSETCATALOG_COMPILER_GENERATE_SWIFT_ASSET_SYMBOL_EXTENSIONS = YES;
				CLANG_ANALYZER_NONNULL = YES;
				CLANG_ANALYZER_NUMBER_OBJECT_CONVERSION = YES_AGGRESSIVE;
				CLANG_CXX_LANGUAGE_STANDARD = "gnu++20";
				CLANG_ENABLE_MODULES = YES;
				CLANG_ENABLE_OBJC_ARC = YES;
				CLANG_ENABLE_OBJC_WEAK = YES;
				CLANG_WARN_BLOCK_CAPTURE_AUTORELEASING = YES;
				CLANG_WARN_BOOL_CONVERSION = YES;
				CLANG_WARN_COMMA = YES;
				CLANG_WARN_CONSTANT_CONVERSION = YES;
				CLANG_WARN_DEPRECATED_OBJC_IMPLEMENTATIONS = YES;
				CLANG_WARN_DIRECT_OBJC_ISA_USAGE = YES_ERROR;
				CLANG_WARN_DOCUMENTATION_COMMENTS = YES;
				CLANG_WARN_EMPTY_BODY = YES;
				CLANG_WARN_ENUM_CONVERSION = YES;
				CLANG_WARN_INFINITE_RECURSION = YES;
				CLANG_WARN_INT_CONVERSION = YES;
				CLANG_WARN_NON_LITERAL_NULL_CONVERSION = YES;
				CLANG_WARN_OBJC_IMPLICIT_RETAIN_SELF = YES;
				CLANG_WARN_OBJC_LITERAL_CONVERSION = YES;
				CLANG_WARN_OBJC_ROOT_CLASS = YES_ERROR;
				CLANG_WARN_QUOTED_INCLUDE_IN_FRAMEWORK_HEADER = YES;
				CLANG_WARN_RANGE_LOOP_ANALYSIS = YES;
				CLANG_WARN_STRICT_PROTOTYPES = YES;
				CLANG_WARN_SUSPICIOUS_MOVE = YES;
				CLANG_WARN_UNGUARDED_AVAILABILITY = YES_AGGRESSIVE;
				CLANG_WARN_UNREACHABLE_CODE = YES;
				CLANG_WARN__DUPLICATE_METHOD_MATCH = YES;
				COPY_PHASE_STRIP = NO;
				DEBUG_INFORMATION_FORMAT = "dwarf-with-dsym";
				ENABLE_NS_ASSERTIONS = NO;
				ENABLE_STRICT_OBJC_MSGSEND = YES;
				ENABLE_USER_SCRIPT_SANDBOXING = YES;
				GCC_C_LANGUAGE_STANDARD = gnu17;
				GCC_NO_COMMON_BLOCKS = YES;
				GCC_WARN_64_TO_32_BIT_CONVERSION = YES;
				GCC_WARN_ABOUT_RETURN_TYPE = YES_ERROR;
				GCC_WARN_UNDECLARED_SELECTOR = YES;
				GCC_WARN_UNINITIALIZED_AUTOS = YES_AGGRESSIVE;
				GCC_WARN_UNUSED_FUNCTION = YES;
				GCC_WARN_UNUSED_VARIABLE = YES;
				IPHONEOS_DEPLOYMENT_TARGET = 18.2;
				LOCALIZATION_PREFERS_STRING_CATALOGS = YES;
				MTL_ENABLE_DEBUG_INFO = NO;
				MTL_FAST_MATH = YES;
				SDKROOT = iphoneos;
				SWIFT_COMPILATION_MODE = wholemodule;
				VALIDATE_PRODUCT = YES;
			};
			name = Release;
		};
		A96B4F9D2D8E281000F79AEB /* Debug */ = {
			isa = XCBuildConfiguration;
			buildSettings = {
				ASSETCATALOG_COMPILER_APPICON_NAME = AppIcon;
				ASSETCATALOG_COMPILER_GLOBAL_ACCENT_COLOR_NAME = AccentColor;
				CODE_SIGN_STYLE = Automatic;
				CURRENT_PROJECT_VERSION = 1;
				DEVELOPMENT_ASSET_PATHS = "\"factos/Preview Content\"";
				DEVELOPMENT_TEAM = U4C57DZC96;
				ENABLE_PREVIEWS = YES;
				GENERATE_INFOPLIST_FILE = YES;
				INFOPLIST_KEY_UIApplicationSceneManifest_Generation = YES;
				INFOPLIST_KEY_UIApplicationSupportsIndirectInputEvents = YES;
				INFOPLIST_KEY_UILaunchScreen_Generation = YES;
				INFOPLIST_KEY_UISupportedInterfaceOrientations_iPad = "UIInterfaceOrientationPortrait UIInterfaceOrientationPortraitUpsideDown UIInterfaceOrientationLandscapeLeft UIInterfaceOrientationLandscapeRight";
				INFOPLIST_KEY_UISupportedInterfaceOrientations_iPhone = "UIInterfaceOrientationPortrait UIInterfaceOrientationLandscapeLeft UIInterfaceOrientationLandscapeRight";
				LD_RUNPATH_SEARCH_PATHS = (
					"$(inherited)",
					"@executable_path/Frameworks",
				);
				MARKETING_VERSION = 1.0;
				PRODUCT_BUNDLE_IDENTIFIER = com.alejandrochav.factos;
				PRODUCT_NAME = "$(TARGET_NAME)";
				SWIFT_EMIT_LOC_STRINGS = YES;
				SWIFT_VERSION = 5.0;
				TARGETED_DEVICE_FAMILY = "1,2";
			};
			name = Debug;
		};
		A96B4F9E2D8E281000F79AEB /* Release */ = {
			isa = XCBuildConfiguration;
			buildSettings = {
				ASSETCATALOG_COMPILER_APPICON_NAME = AppIcon;
				ASSETCATALOG_COMPILER_GLOBAL_ACCENT_COLOR_NAME = AccentColor;
				CODE_SIGN_STYLE = Automatic;
				CURRENT_PROJECT_VERSION = 1;
				DEVELOPMENT_ASSET_PATHS = "\"factos/Preview Content\"";
				DEVELOPMENT_TEAM = U4C57DZC96;
				ENABLE_PREVIEWS = YES;
				GENERATE_INFOPLIST_FILE = YES;
				INFOPLIST_KEY_UIApplicationSceneManifest_Generation = YES;
				INFOPLIST_KEY_UIApplicationSupportsIndirectInputEvents = YES;
				INFOPLIST_KEY_UILaunchScreen_Generation = YES;
				INFOPLIST_KEY_UISupportedInterfaceOrientations_iPad = "UIInterfaceOrientationPortrait UIInterfaceOrientationPortraitUpsideDown UIInterfaceOrientationLandscapeLeft UIInterfaceOrientationLandscapeRight";
				INFOPLIST_KEY_UISupportedInterfaceOrientations_iPhone = "UIInterfaceOrientationPortrait UIInterfaceOrientationLandscapeLeft UIInterfaceOrientationLandscapeRight";
				LD_RUNPATH_SEARCH_PATHS = (
					"$(inherited)",
					"@executable_path/Frameworks",
				);
				MARKETING_VERSION = 1.0;
				PRODUCT_BUNDLE_IDENTIFIER = com.alejandrochav.factos;
				PRODUCT_NAME = "$(TARGET_NAME)";
				SWIFT_EMIT_LOC_STRINGS = YES;
				SWIFT_VERSION = 5.0;
				TARGETED_DEVICE_FAMILY = "1,2";
			};
			name = Release;
		};
		A96B4FA02D8E281000F79AEB /* Debug */ = {
			isa = XCBuildConfiguration;
			buildSettings = {
				BUNDLE_LOADER = "$(TEST_HOST)";
				CODE_SIGN_STYLE = Automatic;
				CURRENT_PROJECT_VERSION = 1;
				DEVELOPMENT_TEAM = U4C57DZC96;
				GENERATE_INFOPLIST_FILE = YES;
				IPHONEOS_DEPLOYMENT_TARGET = 18.2;
				MARKETING_VERSION = 1.0;
				PRODUCT_BUNDLE_IDENTIFIER = com.alejandrochavarb.factosTests;
				PRODUCT_NAME = "$(TARGET_NAME)";
				SWIFT_EMIT_LOC_STRINGS = NO;
				SWIFT_VERSION = 5.0;
				TARGETED_DEVICE_FAMILY = "1,2";
				TEST_HOST = "$(BUILT_PRODUCTS_DIR)/factos.app/$(BUNDLE_EXECUTABLE_FOLDER_PATH)/factos";
			};
			name = Debug;
		};
		A96B4FA12D8E281000F79AEB /* Release */ = {
			isa = XCBuildConfiguration;
			buildSettings = {
				BUNDLE_LOADER = "$(TEST_HOST)";
				CODE_SIGN_STYLE = Automatic;
				CURRENT_PROJECT_VERSION = 1;
				DEVELOPMENT_TEAM = U4C57DZC96;
				GENERATE_INFOPLIST_FILE = YES;
				IPHONEOS_DEPLOYMENT_TARGET = 18.2;
				MARKETING_VERSION = 1.0;
				PRODUCT_BUNDLE_IDENTIFIER = com.alejandrochavarb.factosTests;
				PRODUCT_NAME = "$(TARGET_NAME)";
				SWIFT_EMIT_LOC_STRINGS = NO;
				SWIFT_VERSION = 5.0;
				TARGETED_DEVICE_FAMILY = "1,2";
				TEST_HOST = "$(BUILT_PRODUCTS_DIR)/factos.app/$(BUNDLE_EXECUTABLE_FOLDER_PATH)/factos";
			};
			name = Release;
		};
		A96B4FA32D8E281000F79AEB /* Debug */ = {
			isa = XCBuildConfiguration;
			buildSettings = {
				CODE_SIGN_STYLE = Automatic;
				CURRENT_PROJECT_VERSION = 1;
				DEVELOPMENT_TEAM = U4C57DZC96;
				GENERATE_INFOPLIST_FILE = YES;
				MARKETING_VERSION = 1.0;
				PRODUCT_BUNDLE_IDENTIFIER = com.alejandrochavarb.factosUITests;
				PRODUCT_NAME = "$(TARGET_NAME)";
				SWIFT_EMIT_LOC_STRINGS = NO;
				SWIFT_VERSION = 5.0;
				TARGETED_DEVICE_FAMILY = "1,2";
				TEST_TARGET_NAME = factos;
			};
			name = Debug;
		};
		A96B4FA42D8E281000F79AEB /* Release */ = {
			isa = XCBuildConfiguration;
			buildSettings = {
				CODE_SIGN_STYLE = Automatic;
				CURRENT_PROJECT_VERSION = 1;
				DEVELOPMENT_TEAM = U4C57DZC96;
				GENERATE_INFOPLIST_FILE = YES;
				MARKETING_VERSION = 1.0;
				PRODUCT_BUNDLE_IDENTIFIER = com.alejandrochavarb.factosUITests;
				PRODUCT_NAME = "$(TARGET_NAME)";
				SWIFT_EMIT_LOC_STRINGS = NO;
				SWIFT_VERSION = 5.0;
				TARGETED_DEVICE_FAMILY = "1,2";
				TEST_TARGET_NAME = factos;
			};
			name = Release;
		};
/* End XCBuildConfiguration section */

/* Begin XCConfigurationList section */
		A96B4F732D8E280F00F79AEB /* Build configuration list for PBXProject "factos" */ = {
			isa = XCConfigurationList;
			buildConfigurations = (
				A96B4F9A2D8E281000F79AEB /* Debug */,
				A96B4F9B2D8E281000F79AEB /* Release */,
			);
			defaultConfigurationIsVisible = 0;
			defaultConfigurationName = Release;
		};
		A96B4F9C2D8E281000F79AEB /* Build configuration list for PBXNativeTarget "factos" */ = {
			isa = XCConfigurationList;
			buildConfigurations = (
				A96B4F9D2D8E281000F79AEB /* Debug */,
				A96B4F9E2D8E281000F79AEB /* Release */,
			);
			defaultConfigurationIsVisible = 0;
			defaultConfigurationName = Release;
		};
		A96B4F9F2D8E281000F79AEB /* Build configuration list for PBXNativeTarget "factosTests" */ = {
			isa = XCConfigurationList;
			buildConfigurations = (
				A96B4FA02D8E281000F79AEB /* Debug */,
				A96B4FA12D8E281000F79AEB /* Release */,
			);
			defaultConfigurationIsVisible = 0;
			defaultConfigurationName = Release;
		};
		A96B4FA22D8E281000F79AEB /* Build configuration list for PBXNativeTarget "factosUITests" */ = {
			isa = XCConfigurationList;
			buildConfigurations = (
				A96B4FA32D8E281000F79AEB /* Debug */,
				A96B4FA42D8E281000F79AEB /* Release */,
			);
			defaultConfigurationIsVisible = 0;
			defaultConfigurationName = Release;
		};
/* End XCConfigurationList section */

/* Begin XCRemoteSwiftPackageReference section */
		A94E5C0A2D8FA107007BFE7C /* XCRemoteSwiftPackageReference "firebase-ios-sdk" */ = {
			isa = XCRemoteSwiftPackageReference;
			repositoryURL = "https://github.com/firebase/firebase-ios-sdk";
			requirement = {
				kind = upToNextMajorVersion;
				minimumVersion = 10.20.0;
			};
		};
/* End XCRemoteSwiftPackageReference section */

/* Begin XCSwiftPackageProductDependency section */
		A94E5C0B2D8FA107007BFE7C /* FirebaseAnalytics */ = {
			isa = XCSwiftPackageProductDependency;
			package = A94E5C0A2D8FA107007BFE7C /* XCRemoteSwiftPackageReference "firebase-ios-sdk" */;
			productName = FirebaseAnalytics;
		};
		A94E5C0D2D8FA107007BFE7C /* FirebaseAnalyticsSwift */ = {
			isa = XCSwiftPackageProductDependency;
			package = A94E5C0A2D8FA107007BFE7C /* XCRemoteSwiftPackageReference "firebase-ios-sdk" */;
			productName = FirebaseAnalyticsSwift;
		};
		A9F27FC12D9350C900B0C8F5 /* FirebaseAuth */ = {
			isa = XCSwiftPackageProductDependency;
			package = A94E5C0A2D8FA107007BFE7C /* XCRemoteSwiftPackageReference "firebase-ios-sdk" */;
			productName = FirebaseAuth;
		};
/* End XCSwiftPackageProductDependency section */
	};
	rootObject = A96B4F702D8E280F00F79AEB /* Project object */;
}
